
Microsoft Visual Studio Solution File, Format Version 12.00
# Visual Studio Version 17
VisualStudioVersion = 17.14.36414.22 d17.14
MinimumVisualStudioVersion = 10.0.40219.1
Project("{FAE04EC0-301F-11D3-BF4B-00C04F79EFBC}") = "Vista", "GU_Tercero\Vista.csproj", "{F968E69F-3344-4CBE-85A3-659315AA3EBE}"
EndProject
Project("{FAE04EC0-301F-11D3-BF4B-00C04F79EFBC}") = "Datos", "Datos\Datos.csproj", "{CD183B0F-BEC9-45AF-A970-173E41E734B7}"
EndProject
Project("{FAE04EC0-301F-11D3-BF4B-00C04F79EFBC}") = "Logica", "Logica\Logica.csproj", "{F2CADA0F-C255-494C-944E-261E5B285C8F}"
EndProject
Global
	GlobalSection(SolutionConfigurationPlatforms) = preSolution
		Debug|Any CPU = Debug|Any CPU
		Release|Any CPU = Release|Any CPU
	EndGlobalSection
	GlobalSection(ProjectConfigurationPlatforms) = postSolution
		{F968E69F-3344-4CBE-85A3-659315AA3EBE}.Debug|Any CPU.ActiveCfg = Debug|Any CPU
		{F968E69F-3344-4CBE-85A3-659315AA3EBE}.Debug|Any CPU.Build.0 = Debug|Any CPU
		{F968E69F-3344-4CBE-85A3-659315AA3EBE}.Release|Any CPU.ActiveCfg = Release|Any CPU
		{F968E69F-3344-4CBE-85A3-659315AA3EBE}.Release|Any CPU.Build.0 = Release|Any CPU
		{CD183B0F-BEC9-45AF-A970-173E41E734B7}.Debug|Any CPU.ActiveCfg = Debug|Any CPU
		{CD183B0F-BEC9-45AF-A970-173E41E734B7}.Debug|Any CPU.Build.0 = Debug|Any CPU
		{CD183B0F-BEC9-45AF-A970-173E41E734B7}.Release|Any CPU.ActiveCfg = Release|Any CPU
		{CD183B0F-BEC9-45AF-A970-173E41E734B7}.Release|Any CPU.Build.0 = Release|Any CPU
		{F2CADA0F-C255-494C-944E-261E5B285C8F}.Debug|Any CPU.ActiveCfg = Debug|Any CPU
		{F2CADA0F-C255-494C-944E-261E5B285C8F}.Debug|Any CPU.Build.0 = Debug|Any CPU
		{F2CADA0F-C255-494C-944E-261E5B285C8F}.Release|Any CPU.ActiveCfg = Release|Any CPU
		{F2CADA0F-C255-494C-944E-261E5B285C8F}.Release|Any CPU.Build.0 = Release|Any CPU
	EndGlobalSection
	GlobalSection(SolutionProperties) = preSolution
		HideSolutionNode = FALSE
	EndGlobalSection
	GlobalSection(ExtensibilityGlobals) = postSolution
		SolutionGuid = {5179ECDC-12E6-43FA-8BFD-279277B9EDC6}
	EndGlobalSection
EndGlobal
